// !$*UTF8*$!
{
	archiveVersion = 1;
	classes = {
	};
	objectVersion = 46;
	objects = {

/* Begin PBXBuildFile section */
		1D2B8B221C302BA10043DBD1 /* AppDelegate.swift in Sources */ = {isa = PBXBuildFile; fileRef = 1D2B8B211C302BA10043DBD1 /* AppDelegate.swift */; };
		1D2B8B271C302BA10043DBD1 /* Main.storyboard in Resources */ = {isa = PBXBuildFile; fileRef = 1D2B8B251C302BA10043DBD1 /* Main.storyboard */; };
		1D2B8B2A1C302BA10043DBD1 /* Test.xcdatamodeld in Sources */ = {isa = PBXBuildFile; fileRef = 1D2B8B281C302BA10043DBD1 /* Test.xcdatamodeld */; };
		1D2B8B2C1C302BA10043DBD1 /* Assets.xcassets in Resources */ = {isa = PBXBuildFile; fileRef = 1D2B8B2B1C302BA10043DBD1 /* Assets.xcassets */; };
		1D2B8B2F1C302BA10043DBD1 /* LaunchScreen.storyboard in Resources */ = {isa = PBXBuildFile; fileRef = 1D2B8B2D1C302BA10043DBD1 /* LaunchScreen.storyboard */; };
		1D2B8B3A1C302BA10043DBD1 /* PocketMoneyTests.swift in Sources */ = {isa = PBXBuildFile; fileRef = 1D2B8B391C302BA10043DBD1 /* PocketMoneyTests.swift */; };
		1D2B8B451C302BA10043DBD1 /* PocketMoneyUITests.swift in Sources */ = {isa = PBXBuildFile; fileRef = 1D2B8B441C302BA10043DBD1 /* PocketMoneyUITests.swift */; };
		1D2B8B921C3041EF0043DBD1 /* StoriesTableViewController.swift in Sources */ = {isa = PBXBuildFile; fileRef = 1D2B8B911C3041EF0043DBD1 /* StoriesTableViewController.swift */; };
		1D2B8B961C3056E30043DBD1 /* MenuViewController.swift in Sources */ = {isa = PBXBuildFile; fileRef = 1D2B8B951C3056E30043DBD1 /* MenuViewController.swift */; };
		1D38FC561C30B1E80046B868 /* StoryTableViewCell.swift in Sources */ = {isa = PBXBuildFile; fileRef = 1D38FC551C30B1E80046B868 /* StoryTableViewCell.swift */; };
		1D4A25141C44A2AC0010B4DB /* CreateDataUITableViewController.swift in Sources */ = {isa = PBXBuildFile; fileRef = 1D4A25131C44A2AC0010B4DB /* CreateDataUITableViewController.swift */; };
		1D64BB051C3EEFF60026C984 /* DetailsViewController.swift in Sources */ = {isa = PBXBuildFile; fileRef = 1D64BB041C3EEFF60026C984 /* DetailsViewController.swift */; };
		1DC353741C63084E00C440D5 /* DetailsTableView.swift in Sources */ = {isa = PBXBuildFile; fileRef = 1DC353731C63084E00C440D5 /* DetailsTableView.swift */; };
		1DD29C631C47F6C400F6ACA9 /* AsyncButton.swift in Sources */ = {isa = PBXBuildFile; fileRef = 1DD29C451C47F6C400F6ACA9 /* AsyncButton.swift */; };
		1DD29C641C47F6C400F6ACA9 /* AsyncImageView.swift in Sources */ = {isa = PBXBuildFile; fileRef = 1DD29C461C47F6C400F6ACA9 /* AsyncImageView.swift */; };
		1DD29C651C47F6C400F6ACA9 /* AutoTextView.swift in Sources */ = {isa = PBXBuildFile; fileRef = 1DD29C471C47F6C400F6ACA9 /* AutoTextView.swift */; };
		1DD29C661C47F6C400F6ACA9 /* BlurView.swift in Sources */ = {isa = PBXBuildFile; fileRef = 1DD29C481C47F6C400F6ACA9 /* BlurView.swift */; };
		1DD29C671C47F6C400F6ACA9 /* DesignableButton.swift in Sources */ = {isa = PBXBuildFile; fileRef = 1DD29C491C47F6C400F6ACA9 /* DesignableButton.swift */; };
		1DD29C681C47F6C400F6ACA9 /* DesignableImageView.swift in Sources */ = {isa = PBXBuildFile; fileRef = 1DD29C4A1C47F6C400F6ACA9 /* DesignableImageView.swift */; };
		1DD29C691C47F6C400F6ACA9 /* DesignableLabel.swift in Sources */ = {isa = PBXBuildFile; fileRef = 1DD29C4B1C47F6C400F6ACA9 /* DesignableLabel.swift */; };
		1DD29C6A1C47F6C400F6ACA9 /* DesignableTabBarController.swift in Sources */ = {isa = PBXBuildFile; fileRef = 1DD29C4C1C47F6C400F6ACA9 /* DesignableTabBarController.swift */; };
		1DD29C6B1C47F6C400F6ACA9 /* DesignableTextField.swift in Sources */ = {isa = PBXBuildFile; fileRef = 1DD29C4D1C47F6C400F6ACA9 /* DesignableTextField.swift */; };
		1DD29C6C1C47F6C400F6ACA9 /* DesignableTextView.swift in Sources */ = {isa = PBXBuildFile; fileRef = 1DD29C4E1C47F6C400F6ACA9 /* DesignableTextView.swift */; };
		1DD29C6D1C47F6C400F6ACA9 /* DesignableView.swift in Sources */ = {isa = PBXBuildFile; fileRef = 1DD29C4F1C47F6C400F6ACA9 /* DesignableView.swift */; };
		1DD29C6E1C47F6C400F6ACA9 /* ImageLoader.swift in Sources */ = {isa = PBXBuildFile; fileRef = 1DD29C501C47F6C400F6ACA9 /* ImageLoader.swift */; };
		1DD29C6F1C47F6C400F6ACA9 /* Info.plist in Resources */ = {isa = PBXBuildFile; fileRef = 1DD29C511C47F6C400F6ACA9 /* Info.plist */; };
		1DD29C701C47F6C400F6ACA9 /* KeyboardLayoutConstraint.swift in Sources */ = {isa = PBXBuildFile; fileRef = 1DD29C521C47F6C400F6ACA9 /* KeyboardLayoutConstraint.swift */; };
		1DD29C711C47F6C400F6ACA9 /* LoadingView.swift in Sources */ = {isa = PBXBuildFile; fileRef = 1DD29C531C47F6C400F6ACA9 /* LoadingView.swift */; };
		1DD29C721C47F6C400F6ACA9 /* LoadingView.xib in Resources */ = {isa = PBXBuildFile; fileRef = 1DD29C541C47F6C400F6ACA9 /* LoadingView.xib */; };
		1DD29C731C47F6C400F6ACA9 /* Misc.swift in Sources */ = {isa = PBXBuildFile; fileRef = 1DD29C551C47F6C400F6ACA9 /* Misc.swift */; };
		1DD29C741C47F6C400F6ACA9 /* SoundPlayer.swift in Sources */ = {isa = PBXBuildFile; fileRef = 1DD29C561C47F6C400F6ACA9 /* SoundPlayer.swift */; };
		1DD29C751C47F6C400F6ACA9 /* Spring.swift in Sources */ = {isa = PBXBuildFile; fileRef = 1DD29C581C47F6C400F6ACA9 /* Spring.swift */; };
		1DD29C761C47F6C400F6ACA9 /* SpringAnimation.swift in Sources */ = {isa = PBXBuildFile; fileRef = 1DD29C591C47F6C400F6ACA9 /* SpringAnimation.swift */; };
		1DD29C771C47F6C400F6ACA9 /* SpringButton.swift in Sources */ = {isa = PBXBuildFile; fileRef = 1DD29C5A1C47F6C400F6ACA9 /* SpringButton.swift */; };
		1DD29C781C47F6C400F6ACA9 /* SpringImageView.swift in Sources */ = {isa = PBXBuildFile; fileRef = 1DD29C5B1C47F6C400F6ACA9 /* SpringImageView.swift */; };
		1DD29C791C47F6C400F6ACA9 /* SpringLabel.swift in Sources */ = {isa = PBXBuildFile; fileRef = 1DD29C5C1C47F6C400F6ACA9 /* SpringLabel.swift */; };
		1DD29C7A1C47F6C400F6ACA9 /* SpringTextField.swift in Sources */ = {isa = PBXBuildFile; fileRef = 1DD29C5D1C47F6C400F6ACA9 /* SpringTextField.swift */; };
		1DD29C7B1C47F6C400F6ACA9 /* SpringTextView.swift in Sources */ = {isa = PBXBuildFile; fileRef = 1DD29C5E1C47F6C400F6ACA9 /* SpringTextView.swift */; };
		1DD29C7C1C47F6C400F6ACA9 /* SpringView.swift in Sources */ = {isa = PBXBuildFile; fileRef = 1DD29C5F1C47F6C400F6ACA9 /* SpringView.swift */; };
		1DD29C7D1C47F6C400F6ACA9 /* TransitionManager.swift in Sources */ = {isa = PBXBuildFile; fileRef = 1DD29C601C47F6C400F6ACA9 /* TransitionManager.swift */; };
		1DD29C7E1C47F6C400F6ACA9 /* TransitionZoom.swift in Sources */ = {isa = PBXBuildFile; fileRef = 1DD29C611C47F6C400F6ACA9 /* TransitionZoom.swift */; };
		1DD29C7F1C47F6C400F6ACA9 /* UnwindSegue.swift in Sources */ = {isa = PBXBuildFile; fileRef = 1DD29C621C47F6C400F6ACA9 /* UnwindSegue.swift */; };
		1DD29C811C481CC500F6ACA9 /* BalanceViewController.swift in Sources */ = {isa = PBXBuildFile; fileRef = 1DD29C801C481CC500F6ACA9 /* BalanceViewController.swift */; };
		41D7331E4DEAF2F749D41DFC /* Pods.framework in Frameworks */ = {isa = PBXBuildFile; fileRef = 409DF50B0300F0ACFDE7BD04 /* Pods.framework */; };
/* End PBXBuildFile section */

/* Begin PBXContainerItemProxy section */
		1D2B8B361C302BA10043DBD1 /* PBXContainerItemProxy */ = {
			isa = PBXContainerItemProxy;
			containerPortal = 1D2B8B161C302BA10043DBD1 /* Project object */;
			proxyType = 1;
			remoteGlobalIDString = 1D2B8B1D1C302BA10043DBD1;
			remoteInfo = Test;
		};
		1D2B8B411C302BA10043DBD1 /* PBXContainerItemProxy */ = {
			isa = PBXContainerItemProxy;
			containerPortal = 1D2B8B161C302BA10043DBD1 /* Project object */;
			proxyType = 1;
			remoteGlobalIDString = 1D2B8B1D1C302BA10043DBD1;
			remoteInfo = Test;
		};
/* End PBXContainerItemProxy section */

/* Begin PBXCopyFilesBuildPhase section */
		1DCDA4D11C4BFF87009DA1DD /* Embed Frameworks */ = {
			isa = PBXCopyFilesBuildPhase;
			buildActionMask = 2147483647;
			dstPath = "";
			dstSubfolderSpec = 10;
			files = (
			);
			name = "Embed Frameworks";
			runOnlyForDeploymentPostprocessing = 0;
		};
/* End PBXCopyFilesBuildPhase section */

/* Begin PBXFileReference section */
		1D2B8B1E1C302BA10043DBD1 /* PocketMoney.app */ = {isa = PBXFileReference; explicitFileType = wrapper.application; includeInIndex = 0; path = PocketMoney.app; sourceTree = BUILT_PRODUCTS_DIR; };
		1D2B8B211C302BA10043DBD1 /* AppDelegate.swift */ = {isa = PBXFileReference; lastKnownFileType = sourcecode.swift; path = AppDelegate.swift; sourceTree = "<group>"; };
		1D2B8B261C302BA10043DBD1 /* Base */ = {isa = PBXFileReference; lastKnownFileType = file.storyboard; name = Base; path = Base.lproj/Main.storyboard; sourceTree = "<group>"; };
		1D2B8B291C302BA10043DBD1 /* Test.xcdatamodel */ = {isa = PBXFileReference; lastKnownFileType = wrapper.xcdatamodel; path = Test.xcdatamodel; sourceTree = "<group>"; };
		1D2B8B2B1C302BA10043DBD1 /* Assets.xcassets */ = {isa = PBXFileReference; lastKnownFileType = folder.assetcatalog; path = Assets.xcassets; sourceTree = "<group>"; };
		1D2B8B2E1C302BA10043DBD1 /* Base */ = {isa = PBXFileReference; lastKnownFileType = file.storyboard; name = Base; path = Base.lproj/LaunchScreen.storyboard; sourceTree = "<group>"; };
		1D2B8B301C302BA10043DBD1 /* Info.plist */ = {isa = PBXFileReference; lastKnownFileType = text.plist.xml; path = Info.plist; sourceTree = "<group>"; };
		1D2B8B351C302BA10043DBD1 /* PocketMoney.xctest */ = {isa = PBXFileReference; explicitFileType = wrapper.cfbundle; includeInIndex = 0; path = PocketMoney.xctest; sourceTree = BUILT_PRODUCTS_DIR; };
		1D2B8B391C302BA10043DBD1 /* PocketMoneyTests.swift */ = {isa = PBXFileReference; lastKnownFileType = sourcecode.swift; path = PocketMoneyTests.swift; sourceTree = "<group>"; };
		1D2B8B3B1C302BA10043DBD1 /* Info.plist */ = {isa = PBXFileReference; lastKnownFileType = text.plist.xml; path = Info.plist; sourceTree = "<group>"; };
		1D2B8B401C302BA10043DBD1 /* PocketMoney.xctest */ = {isa = PBXFileReference; explicitFileType = wrapper.cfbundle; includeInIndex = 0; path = PocketMoney.xctest; sourceTree = BUILT_PRODUCTS_DIR; };
		1D2B8B441C302BA10043DBD1 /* PocketMoneyUITests.swift */ = {isa = PBXFileReference; lastKnownFileType = sourcecode.swift; path = PocketMoneyUITests.swift; sourceTree = "<group>"; };
		1D2B8B461C302BA10043DBD1 /* Info.plist */ = {isa = PBXFileReference; lastKnownFileType = text.plist.xml; path = Info.plist; sourceTree = "<group>"; };
		1D2B8B911C3041EF0043DBD1 /* StoriesTableViewController.swift */ = {isa = PBXFileReference; fileEncoding = 4; lastKnownFileType = sourcecode.swift; path = StoriesTableViewController.swift; sourceTree = "<group>"; };
		1D2B8B951C3056E30043DBD1 /* MenuViewController.swift */ = {isa = PBXFileReference; fileEncoding = 4; lastKnownFileType = sourcecode.swift; path = MenuViewController.swift; sourceTree = "<group>"; };
		1D38FC551C30B1E80046B868 /* StoryTableViewCell.swift */ = {isa = PBXFileReference; fileEncoding = 4; lastKnownFileType = sourcecode.swift; path = StoryTableViewCell.swift; sourceTree = "<group>"; };
		1D4A25131C44A2AC0010B4DB /* CreateDataUITableViewController.swift */ = {isa = PBXFileReference; fileEncoding = 4; lastKnownFileType = sourcecode.swift; path = CreateDataUITableViewController.swift; sourceTree = "<group>"; };
		1D64BB041C3EEFF60026C984 /* DetailsViewController.swift */ = {isa = PBXFileReference; fileEncoding = 4; lastKnownFileType = sourcecode.swift; path = DetailsViewController.swift; sourceTree = "<group>"; };
		1DC353731C63084E00C440D5 /* DetailsTableView.swift */ = {isa = PBXFileReference; fileEncoding = 4; lastKnownFileType = sourcecode.swift; path = DetailsTableView.swift; sourceTree = "<group>"; };
		1DD29C451C47F6C400F6ACA9 /* AsyncButton.swift */ = {isa = PBXFileReference; fileEncoding = 4; lastKnownFileType = sourcecode.swift; path = AsyncButton.swift; sourceTree = "<group>"; };
		1DD29C461C47F6C400F6ACA9 /* AsyncImageView.swift */ = {isa = PBXFileReference; fileEncoding = 4; lastKnownFileType = sourcecode.swift; path = AsyncImageView.swift; sourceTree = "<group>"; };
		1DD29C471C47F6C400F6ACA9 /* AutoTextView.swift */ = {isa = PBXFileReference; fileEncoding = 4; lastKnownFileType = sourcecode.swift; path = AutoTextView.swift; sourceTree = "<group>"; };
		1DD29C481C47F6C400F6ACA9 /* BlurView.swift */ = {isa = PBXFileReference; fileEncoding = 4; lastKnownFileType = sourcecode.swift; path = BlurView.swift; sourceTree = "<group>"; };
		1DD29C491C47F6C400F6ACA9 /* DesignableButton.swift */ = {isa = PBXFileReference; fileEncoding = 4; lastKnownFileType = sourcecode.swift; path = DesignableButton.swift; sourceTree = "<group>"; };
		1DD29C4A1C47F6C400F6ACA9 /* DesignableImageView.swift */ = {isa = PBXFileReference; fileEncoding = 4; lastKnownFileType = sourcecode.swift; path = DesignableImageView.swift; sourceTree = "<group>"; };
		1DD29C4B1C47F6C400F6ACA9 /* DesignableLabel.swift */ = {isa = PBXFileReference; fileEncoding = 4; lastKnownFileType = sourcecode.swift; path = DesignableLabel.swift; sourceTree = "<group>"; };
		1DD29C4C1C47F6C400F6ACA9 /* DesignableTabBarController.swift */ = {isa = PBXFileReference; fileEncoding = 4; lastKnownFileType = sourcecode.swift; path = DesignableTabBarController.swift; sourceTree = "<group>"; };
		1DD29C4D1C47F6C400F6ACA9 /* DesignableTextField.swift */ = {isa = PBXFileReference; fileEncoding = 4; lastKnownFileType = sourcecode.swift; path = DesignableTextField.swift; sourceTree = "<group>"; };
		1DD29C4E1C47F6C400F6ACA9 /* DesignableTextView.swift */ = {isa = PBXFileReference; fileEncoding = 4; lastKnownFileType = sourcecode.swift; path = DesignableTextView.swift; sourceTree = "<group>"; };
		1DD29C4F1C47F6C400F6ACA9 /* DesignableView.swift */ = {isa = PBXFileReference; fileEncoding = 4; lastKnownFileType = sourcecode.swift; path = DesignableView.swift; sourceTree = "<group>"; };
		1DD29C501C47F6C400F6ACA9 /* ImageLoader.swift */ = {isa = PBXFileReference; fileEncoding = 4; lastKnownFileType = sourcecode.swift; path = ImageLoader.swift; sourceTree = "<group>"; };
		1DD29C511C47F6C400F6ACA9 /* Info.plist */ = {isa = PBXFileReference; fileEncoding = 4; lastKnownFileType = text.plist.xml; path = Info.plist; sourceTree = "<group>"; };
		1DD29C521C47F6C400F6ACA9 /* KeyboardLayoutConstraint.swift */ = {isa = PBXFileReference; fileEncoding = 4; lastKnownFileType = sourcecode.swift; path = KeyboardLayoutConstraint.swift; sourceTree = "<group>"; };
		1DD29C531C47F6C400F6ACA9 /* LoadingView.swift */ = {isa = PBXFileReference; fileEncoding = 4; lastKnownFileType = sourcecode.swift; path = LoadingView.swift; sourceTree = "<group>"; };
		1DD29C541C47F6C400F6ACA9 /* LoadingView.xib */ = {isa = PBXFileReference; fileEncoding = 4; lastKnownFileType = file.xib; path = LoadingView.xib; sourceTree = "<group>"; };
		1DD29C551C47F6C400F6ACA9 /* Misc.swift */ = {isa = PBXFileReference; fileEncoding = 4; lastKnownFileType = sourcecode.swift; path = Misc.swift; sourceTree = "<group>"; };
		1DD29C561C47F6C400F6ACA9 /* SoundPlayer.swift */ = {isa = PBXFileReference; fileEncoding = 4; lastKnownFileType = sourcecode.swift; path = SoundPlayer.swift; sourceTree = "<group>"; };
		1DD29C571C47F6C400F6ACA9 /* Spring.h */ = {isa = PBXFileReference; fileEncoding = 4; lastKnownFileType = sourcecode.c.h; path = Spring.h; sourceTree = "<group>"; };
		1DD29C581C47F6C400F6ACA9 /* Spring.swift */ = {isa = PBXFileReference; fileEncoding = 4; lastKnownFileType = sourcecode.swift; path = Spring.swift; sourceTree = "<group>"; };
		1DD29C591C47F6C400F6ACA9 /* SpringAnimation.swift */ = {isa = PBXFileReference; fileEncoding = 4; lastKnownFileType = sourcecode.swift; path = SpringAnimation.swift; sourceTree = "<group>"; };
		1DD29C5A1C47F6C400F6ACA9 /* SpringButton.swift */ = {isa = PBXFileReference; fileEncoding = 4; lastKnownFileType = sourcecode.swift; path = SpringButton.swift; sourceTree = "<group>"; };
		1DD29C5B1C47F6C400F6ACA9 /* SpringImageView.swift */ = {isa = PBXFileReference; fileEncoding = 4; lastKnownFileType = sourcecode.swift; path = SpringImageView.swift; sourceTree = "<group>"; };
		1DD29C5C1C47F6C400F6ACA9 /* SpringLabel.swift */ = {isa = PBXFileReference; fileEncoding = 4; lastKnownFileType = sourcecode.swift; path = SpringLabel.swift; sourceTree = "<group>"; };
		1DD29C5D1C47F6C400F6ACA9 /* SpringTextField.swift */ = {isa = PBXFileReference; fileEncoding = 4; lastKnownFileType = sourcecode.swift; path = SpringTextField.swift; sourceTree = "<group>"; };
		1DD29C5E1C47F6C400F6ACA9 /* SpringTextView.swift */ = {isa = PBXFileReference; fileEncoding = 4; lastKnownFileType = sourcecode.swift; path = SpringTextView.swift; sourceTree = "<group>"; };
		1DD29C5F1C47F6C400F6ACA9 /* SpringView.swift */ = {isa = PBXFileReference; fileEncoding = 4; lastKnownFileType = sourcecode.swift; path = SpringView.swift; sourceTree = "<group>"; };
		1DD29C601C47F6C400F6ACA9 /* TransitionManager.swift */ = {isa = PBXFileReference; fileEncoding = 4; lastKnownFileType = sourcecode.swift; path = TransitionManager.swift; sourceTree = "<group>"; };
		1DD29C611C47F6C400F6ACA9 /* TransitionZoom.swift */ = {isa = PBXFileReference; fileEncoding = 4; lastKnownFileType = sourcecode.swift; path = TransitionZoom.swift; sourceTree = "<group>"; };
		1DD29C621C47F6C400F6ACA9 /* UnwindSegue.swift */ = {isa = PBXFileReference; fileEncoding = 4; lastKnownFileType = sourcecode.swift; path = UnwindSegue.swift; sourceTree = "<group>"; };
		1DD29C801C481CC500F6ACA9 /* BalanceViewController.swift */ = {isa = PBXFileReference; fileEncoding = 4; lastKnownFileType = sourcecode.swift; path = BalanceViewController.swift; sourceTree = "<group>"; };
		409DF50B0300F0ACFDE7BD04 /* Pods.framework */ = {isa = PBXFileReference; explicitFileType = wrapper.framework; includeInIndex = 0; path = Pods.framework; sourceTree = BUILT_PRODUCTS_DIR; };
		78CE55FB0FFC6F48BDC56A10 /* Pods.debug.xcconfig */ = {isa = PBXFileReference; includeInIndex = 1; lastKnownFileType = text.xcconfig; name = Pods.debug.xcconfig; path = "Pods/Target Support Files/Pods/Pods.debug.xcconfig"; sourceTree = "<group>"; };
		AE9294E7AA1A54E201ED8664 /* Pods.release.xcconfig */ = {isa = PBXFileReference; includeInIndex = 1; lastKnownFileType = text.xcconfig; name = Pods.release.xcconfig; path = "Pods/Target Support Files/Pods/Pods.release.xcconfig"; sourceTree = "<group>"; };
/* End PBXFileReference section */

/* Begin PBXFrameworksBuildPhase section */
		1D2B8B1B1C302BA10043DBD1 /* Frameworks */ = {
			isa = PBXFrameworksBuildPhase;
			buildActionMask = 2147483647;
			files = (
				41D7331E4DEAF2F749D41DFC /* Pods.framework in Frameworks */,
			);
			runOnlyForDeploymentPostprocessing = 0;
		};
		1D2B8B321C302BA10043DBD1 /* Frameworks */ = {
			isa = PBXFrameworksBuildPhase;
			buildActionMask = 2147483647;
			files = (
			);
			runOnlyForDeploymentPostprocessing = 0;
		};
		1D2B8B3D1C302BA10043DBD1 /* Frameworks */ = {
			isa = PBXFrameworksBuildPhase;
			buildActionMask = 2147483647;
			files = (
			);
			runOnlyForDeploymentPostprocessing = 0;
		};
/* End PBXFrameworksBuildPhase section */

/* Begin PBXGroup section */
		1D2B8B151C302BA10043DBD1 = {
			isa = PBXGroup;
			children = (
				1D2B8B201C302BA10043DBD1 /* PocketMoney */,
				1D2B8B381C302BA10043DBD1 /* PocketMoneyTests */,
				1D2B8B431C302BA10043DBD1 /* PocketMoneyUITests */,
				1D2B8B1F1C302BA10043DBD1 /* Products */,
				A77650A5AE6225CDE6C9A080 /* Pods */,
				3E96C141890365FC4C95C5CB /* Frameworks */,
			);
			sourceTree = "<group>";
		};
		1D2B8B1F1C302BA10043DBD1 /* Products */ = {
			isa = PBXGroup;
			children = (
				1D2B8B1E1C302BA10043DBD1 /* PocketMoney.app */,
				1D2B8B351C302BA10043DBD1 /* PocketMoney.xctest */,
				1D2B8B401C302BA10043DBD1 /* PocketMoney.xctest */,
			);
			name = Products;
			sourceTree = "<group>";
		};
		1D2B8B201C302BA10043DBD1 /* PocketMoney */ = {
			isa = PBXGroup;
			children = (
				1DD29C441C47F6C400F6ACA9 /* Spring */,
				1D2B8B211C302BA10043DBD1 /* AppDelegate.swift */,
				1D2B8B951C3056E30043DBD1 /* MenuViewController.swift */,
				1D2B8B911C3041EF0043DBD1 /* StoriesTableViewController.swift */,
				1D38FC551C30B1E80046B868 /* StoryTableViewCell.swift */,
				1D4A25131C44A2AC0010B4DB /* CreateDataUITableViewController.swift */,
				1D64BB041C3EEFF60026C984 /* DetailsViewController.swift */,
				1DC353731C63084E00C440D5 /* DetailsTableView.swift */,
				1DD29C801C481CC500F6ACA9 /* BalanceViewController.swift */,
				1D2B8B251C302BA10043DBD1 /* Main.storyboard */,
				1D2B8B2B1C302BA10043DBD1 /* Assets.xcassets */,
				1D2B8B2D1C302BA10043DBD1 /* LaunchScreen.storyboard */,
				1D2B8B301C302BA10043DBD1 /* Info.plist */,
				1D2B8B281C302BA10043DBD1 /* Test.xcdatamodeld */,
			);
			name = PocketMoney;
			path = Test;
			sourceTree = "<group>";
		};
		1D2B8B381C302BA10043DBD1 /* PocketMoneyTests */ = {
			isa = PBXGroup;
			children = (
				1D2B8B391C302BA10043DBD1 /* PocketMoneyTests.swift */,
				1D2B8B3B1C302BA10043DBD1 /* Info.plist */,
			);
			name = PocketMoneyTests;
			path = TestTests;
			sourceTree = "<group>";
		};
		1D2B8B431C302BA10043DBD1 /* PocketMoneyUITests */ = {
			isa = PBXGroup;
			children = (
				1D2B8B441C302BA10043DBD1 /* PocketMoneyUITests.swift */,
				1D2B8B461C302BA10043DBD1 /* Info.plist */,
			);
			name = PocketMoneyUITests;
			path = TestUITests;
			sourceTree = "<group>";
		};
		1DD29C441C47F6C400F6ACA9 /* Spring */ = {
			isa = PBXGroup;
			children = (
				1DD29C451C47F6C400F6ACA9 /* AsyncButton.swift */,
				1DD29C461C47F6C400F6ACA9 /* AsyncImageView.swift */,
				1DD29C471C47F6C400F6ACA9 /* AutoTextView.swift */,
				1DD29C481C47F6C400F6ACA9 /* BlurView.swift */,
				1DD29C491C47F6C400F6ACA9 /* DesignableButton.swift */,
				1DD29C4A1C47F6C400F6ACA9 /* DesignableImageView.swift */,
				1DD29C4B1C47F6C400F6ACA9 /* DesignableLabel.swift */,
				1DD29C4C1C47F6C400F6ACA9 /* DesignableTabBarController.swift */,
				1DD29C4D1C47F6C400F6ACA9 /* DesignableTextField.swift */,
				1DD29C4E1C47F6C400F6ACA9 /* DesignableTextView.swift */,
				1DD29C4F1C47F6C400F6ACA9 /* DesignableView.swift */,
				1DD29C501C47F6C400F6ACA9 /* ImageLoader.swift */,
				1DD29C511C47F6C400F6ACA9 /* Info.plist */,
				1DD29C521C47F6C400F6ACA9 /* KeyboardLayoutConstraint.swift */,
				1DD29C531C47F6C400F6ACA9 /* LoadingView.swift */,
				1DD29C541C47F6C400F6ACA9 /* LoadingView.xib */,
				1DD29C551C47F6C400F6ACA9 /* Misc.swift */,
				1DD29C561C47F6C400F6ACA9 /* SoundPlayer.swift */,
				1DD29C571C47F6C400F6ACA9 /* Spring.h */,
				1DD29C581C47F6C400F6ACA9 /* Spring.swift */,
				1DD29C591C47F6C400F6ACA9 /* SpringAnimation.swift */,
				1DD29C5A1C47F6C400F6ACA9 /* SpringButton.swift */,
				1DD29C5B1C47F6C400F6ACA9 /* SpringImageView.swift */,
				1DD29C5C1C47F6C400F6ACA9 /* SpringLabel.swift */,
				1DD29C5D1C47F6C400F6ACA9 /* SpringTextField.swift */,
				1DD29C5E1C47F6C400F6ACA9 /* SpringTextView.swift */,
				1DD29C5F1C47F6C400F6ACA9 /* SpringView.swift */,
				1DD29C601C47F6C400F6ACA9 /* TransitionManager.swift */,
				1DD29C611C47F6C400F6ACA9 /* TransitionZoom.swift */,
				1DD29C621C47F6C400F6ACA9 /* UnwindSegue.swift */,
			);
			path = Spring;
			sourceTree = "<group>";
		};
		3E96C141890365FC4C95C5CB /* Frameworks */ = {
			isa = PBXGroup;
			children = (
				409DF50B0300F0ACFDE7BD04 /* Pods.framework */,
			);
			name = Frameworks;
			sourceTree = "<group>";
		};
		A77650A5AE6225CDE6C9A080 /* Pods */ = {
			isa = PBXGroup;
			children = (
				78CE55FB0FFC6F48BDC56A10 /* Pods.debug.xcconfig */,
				AE9294E7AA1A54E201ED8664 /* Pods.release.xcconfig */,
			);
			name = Pods;
			sourceTree = "<group>";
		};
/* End PBXGroup section */

/* Begin PBXNativeTarget section */
		1D2B8B1D1C302BA10043DBD1 /* PocketMoney */ = {
			isa = PBXNativeTarget;
			buildConfigurationList = 1D2B8B491C302BA10043DBD1 /* Build configuration list for PBXNativeTarget "PocketMoney" */;
			buildPhases = (
				413D4018D39668BA132C6639 /* Check Pods Manifest.lock */,
				1D2B8B1A1C302BA10043DBD1 /* Sources */,
				1D2B8B1B1C302BA10043DBD1 /* Frameworks */,
				1D2B8B1C1C302BA10043DBD1 /* Resources */,
				1DCDA4D11C4BFF87009DA1DD /* Embed Frameworks */,
				532CA7D7AF35693FF56F9C26 /* Embed Pods Frameworks */,
				D90BD41F4401EAB5D16B42B6 /* Copy Pods Resources */,
			);
			buildRules = (
			);
			dependencies = (
			);
			name = PocketMoney;
			productName = Test;
			productReference = 1D2B8B1E1C302BA10043DBD1 /* PocketMoney.app */;
			productType = "com.apple.product-type.application";
		};
		1D2B8B341C302BA10043DBD1 /* PocketMoneyPocketMoneys */ = {
			isa = PBXNativeTarget;
			buildConfigurationList = 1D2B8B4C1C302BA10043DBD1 /* Build configuration list for PBXNativeTarget "PocketMoneyPocketMoneys" */;
			buildPhases = (
				1D2B8B311C302BA10043DBD1 /* Sources */,
				1D2B8B321C302BA10043DBD1 /* Frameworks */,
				1D2B8B331C302BA10043DBD1 /* Resources */,
			);
			buildRules = (
			);
			dependencies = (
				1D2B8B371C302BA10043DBD1 /* PBXTargetDependency */,
			);
			name = PocketMoneyPocketMoneys;
			productName = TestTests;
			productReference = 1D2B8B351C302BA10043DBD1 /* PocketMoney.xctest */;
			productType = "com.apple.product-type.bundle.unit-test";
		};
		1D2B8B3F1C302BA10043DBD1 /* PocketMoneyUIPocketMoneys */ = {
			isa = PBXNativeTarget;
			buildConfigurationList = 1D2B8B4F1C302BA10043DBD1 /* Build configuration list for PBXNativeTarget "PocketMoneyUIPocketMoneys" */;
			buildPhases = (
				1D2B8B3C1C302BA10043DBD1 /* Sources */,
				1D2B8B3D1C302BA10043DBD1 /* Frameworks */,
				1D2B8B3E1C302BA10043DBD1 /* Resources */,
			);
			buildRules = (
			);
			dependencies = (
				1D2B8B421C302BA10043DBD1 /* PBXTargetDependency */,
			);
			name = PocketMoneyUIPocketMoneys;
			productName = TestUITests;
			productReference = 1D2B8B401C302BA10043DBD1 /* PocketMoney.xctest */;
			productType = "com.apple.product-type.bundle.ui-testing";
		};
/* End PBXNativeTarget section */

/* Begin PBXProject section */
		1D2B8B161C302BA10043DBD1 /* Project object */ = {
			isa = PBXProject;
			attributes = {
				LastSwiftUpdateCheck = 0720;
				LastUpgradeCheck = 0720;
				ORGANIZATIONNAME = "Ben Emdon";
				TargetAttributes = {
					1D2B8B1D1C302BA10043DBD1 = {
						CreatedOnToolsVersion = 7.2;
						DevelopmentTeam = E299TDEV8Z;
					};
					1D2B8B341C302BA10043DBD1 = {
						CreatedOnToolsVersion = 7.2;
						DevelopmentTeam = E299TDEV8Z;
						TestTargetID = 1D2B8B1D1C302BA10043DBD1;
					};
					1D2B8B3F1C302BA10043DBD1 = {
						CreatedOnToolsVersion = 7.2;
						DevelopmentTeam = E299TDEV8Z;
						TestTargetID = 1D2B8B1D1C302BA10043DBD1;
					};
				};
			};
			buildConfigurationList = 1D2B8B191C302BA10043DBD1 /* Build configuration list for PBXProject "PocketMoney" */;
			compatibilityVersion = "Xcode 3.2";
			developmentRegion = English;
			hasScannedForEncodings = 0;
			knownRegions = (
				en,
				Base,
			);
			mainGroup = 1D2B8B151C302BA10043DBD1;
			productRefGroup = 1D2B8B1F1C302BA10043DBD1 /* Products */;
			projectDirPath = "";
			projectRoot = "";
			targets = (
				1D2B8B1D1C302BA10043DBD1 /* PocketMoney */,
				1D2B8B341C302BA10043DBD1 /* PocketMoneyPocketMoneys */,
				1D2B8B3F1C302BA10043DBD1 /* PocketMoneyUIPocketMoneys */,
			);
		};
/* End PBXProject section */

/* Begin PBXResourcesBuildPhase section */
		1D2B8B1C1C302BA10043DBD1 /* Resources */ = {
			isa = PBXResourcesBuildPhase;
			buildActionMask = 2147483647;
			files = (
				1DD29C6F1C47F6C400F6ACA9 /* Info.plist in Resources */,
				1D2B8B2F1C302BA10043DBD1 /* LaunchScreen.storyboard in Resources */,
				1D2B8B2C1C302BA10043DBD1 /* Assets.xcassets in Resources */,
				1D2B8B271C302BA10043DBD1 /* Main.storyboard in Resources */,
				1DD29C721C47F6C400F6ACA9 /* LoadingView.xib in Resources */,
			);
			runOnlyForDeploymentPostprocessing = 0;
		};
		1D2B8B331C302BA10043DBD1 /* Resources */ = {
			isa = PBXResourcesBuildPhase;
			buildActionMask = 2147483647;
			files = (
			);
			runOnlyForDeploymentPostprocessing = 0;
		};
		1D2B8B3E1C302BA10043DBD1 /* Resources */ = {
			isa = PBXResourcesBuildPhase;
			buildActionMask = 2147483647;
			files = (
			);
			runOnlyForDeploymentPostprocessing = 0;
		};
/* End PBXResourcesBuildPhase section */

/* Begin PBXShellScriptBuildPhase section */
		413D4018D39668BA132C6639 /* Check Pods Manifest.lock */ = {
			isa = PBXShellScriptBuildPhase;
			buildActionMask = 2147483647;
			files = (
			);
			inputPaths = (
			);
			name = "Check Pods Manifest.lock";
			outputPaths = (
			);
			runOnlyForDeploymentPostprocessing = 0;
			shellPath = /bin/sh;
			shellScript = "diff \"${PODS_ROOT}/../Podfile.lock\" \"${PODS_ROOT}/Manifest.lock\" > /dev/null\nif [[ $? != 0 ]] ; then\n    cat << EOM\nerror: The sandbox is not in sync with the Podfile.lock. Run 'pod install' or update your CocoaPods installation.\nEOM\n    exit 1\nfi\n";
			showEnvVarsInLog = 0;
		};
		532CA7D7AF35693FF56F9C26 /* Embed Pods Frameworks */ = {
			isa = PBXShellScriptBuildPhase;
			buildActionMask = 2147483647;
			files = (
			);
			inputPaths = (
			);
			name = "Embed Pods Frameworks";
			outputPaths = (
			);
			runOnlyForDeploymentPostprocessing = 0;
			shellPath = /bin/sh;
			shellScript = "\"${SRCROOT}/Pods/Target Support Files/Pods/Pods-frameworks.sh\"\n";
			showEnvVarsInLog = 0;
		};
		D90BD41F4401EAB5D16B42B6 /* Copy Pods Resources */ = {
			isa = PBXShellScriptBuildPhase;
			buildActionMask = 2147483647;
			files = (
			);
			inputPaths = (
			);
			name = "Copy Pods Resources";
			outputPaths = (
			);
			runOnlyForDeploymentPostprocessing = 0;
			shellPath = /bin/sh;
			shellScript = "\"${SRCROOT}/Pods/Target Support Files/Pods/Pods-resources.sh\"\n";
			showEnvVarsInLog = 0;
		};
/* End PBXShellScriptBuildPhase section */

/* Begin PBXSourcesBuildPhase section */
		1D2B8B1A1C302BA10043DBD1 /* Sources */ = {
			isa = PBXSourcesBuildPhase;
			buildActionMask = 2147483647;
			files = (
				1DD29C751C47F6C400F6ACA9 /* Spring.swift in Sources */,
				1D2B8B921C3041EF0043DBD1 /* StoriesTableViewController.swift in Sources */,
				1DD29C6E1C47F6C400F6ACA9 /* ImageLoader.swift in Sources */,
				1DD29C711C47F6C400F6ACA9 /* LoadingView.swift in Sources */,
				1DD29C771C47F6C400F6ACA9 /* SpringButton.swift in Sources */,
				1DD29C6A1C47F6C400F6ACA9 /* DesignableTabBarController.swift in Sources */,
				1DD29C791C47F6C400F6ACA9 /* SpringLabel.swift in Sources */,
				1DD29C6C1C47F6C400F6ACA9 /* DesignableTextView.swift in Sources */,
				1DD29C7E1C47F6C400F6ACA9 /* TransitionZoom.swift in Sources */,
				1D64BB051C3EEFF60026C984 /* DetailsViewController.swift in Sources */,
				1DD29C781C47F6C400F6ACA9 /* SpringImageView.swift in Sources */,
				1DD29C641C47F6C400F6ACA9 /* AsyncImageView.swift in Sources */,
				1DD29C7A1C47F6C400F6ACA9 /* SpringTextField.swift in Sources */,
				1DD29C6B1C47F6C400F6ACA9 /* DesignableTextField.swift in Sources */,
				1DD29C6D1C47F6C400F6ACA9 /* DesignableView.swift in Sources */,
				1DD29C741C47F6C400F6ACA9 /* SoundPlayer.swift in Sources */,
				1D2B8B221C302BA10043DBD1 /* AppDelegate.swift in Sources */,
				1DD29C661C47F6C400F6ACA9 /* BlurView.swift in Sources */,
				1DC353741C63084E00C440D5 /* DetailsTableView.swift in Sources */,
				1DD29C701C47F6C400F6ACA9 /* KeyboardLayoutConstraint.swift in Sources */,
				1DD29C761C47F6C400F6ACA9 /* SpringAnimation.swift in Sources */,
				1DD29C731C47F6C400F6ACA9 /* Misc.swift in Sources */,
				1DD29C7D1C47F6C400F6ACA9 /* TransitionManager.swift in Sources */,
				1DD29C681C47F6C400F6ACA9 /* DesignableImageView.swift in Sources */,
				1D2B8B2A1C302BA10043DBD1 /* Test.xcdatamodeld in Sources */,
				1DD29C631C47F6C400F6ACA9 /* AsyncButton.swift in Sources */,
				1DD29C7F1C47F6C400F6ACA9 /* UnwindSegue.swift in Sources */,
				1DD29C811C481CC500F6ACA9 /* BalanceViewController.swift in Sources */,
				1D2B8B961C3056E30043DBD1 /* MenuViewController.swift in Sources */,
				1DD29C7C1C47F6C400F6ACA9 /* SpringView.swift in Sources */,
				1DD29C691C47F6C400F6ACA9 /* DesignableLabel.swift in Sources */,
				1DD29C651C47F6C400F6ACA9 /* AutoTextView.swift in Sources */,
				1DD29C7B1C47F6C400F6ACA9 /* SpringTextView.swift in Sources */,
				1DD29C671C47F6C400F6ACA9 /* DesignableButton.swift in Sources */,
				1D4A25141C44A2AC0010B4DB /* CreateDataUITableViewController.swift in Sources */,
				1D38FC561C30B1E80046B868 /* StoryTableViewCell.swift in Sources */,
			);
			runOnlyForDeploymentPostprocessing = 0;
		};
		1D2B8B311C302BA10043DBD1 /* Sources */ = {
			isa = PBXSourcesBuildPhase;
			buildActionMask = 2147483647;
			files = (
				1D2B8B3A1C302BA10043DBD1 /* PocketMoneyTests.swift in Sources */,
			);
			runOnlyForDeploymentPostprocessing = 0;
		};
		1D2B8B3C1C302BA10043DBD1 /* Sources */ = {
			isa = PBXSourcesBuildPhase;
			buildActionMask = 2147483647;
			files = (
				1D2B8B451C302BA10043DBD1 /* PocketMoneyUITests.swift in Sources */,
			);
			runOnlyForDeploymentPostprocessing = 0;
		};
/* End PBXSourcesBuildPhase section */

/* Begin PBXTargetDependency section */
		1D2B8B371C302BA10043DBD1 /* PBXTargetDependency */ = {
			isa = PBXTargetDependency;
			target = 1D2B8B1D1C302BA10043DBD1 /* PocketMoney */;
			targetProxy = 1D2B8B361C302BA10043DBD1 /* PBXContainerItemProxy */;
		};
		1D2B8B421C302BA10043DBD1 /* PBXTargetDependency */ = {
			isa = PBXTargetDependency;
			target = 1D2B8B1D1C302BA10043DBD1 /* PocketMoney */;
			targetProxy = 1D2B8B411C302BA10043DBD1 /* PBXContainerItemProxy */;
		};
/* End PBXTargetDependency section */

/* Begin PBXVariantGroup section */
		1D2B8B251C302BA10043DBD1 /* Main.storyboard */ = {
			isa = PBXVariantGroup;
			children = (
				1D2B8B261C302BA10043DBD1 /* Base */,
			);
			name = Main.storyboard;
			sourceTree = "<group>";
		};
		1D2B8B2D1C302BA10043DBD1 /* LaunchScreen.storyboard */ = {
			isa = PBXVariantGroup;
			children = (
				1D2B8B2E1C302BA10043DBD1 /* Base */,
			);
			name = LaunchScreen.storyboard;
			sourceTree = "<group>";
		};
/* End PBXVariantGroup section */

/* Begin XCBuildConfiguration section */
		1D2B8B471C302BA10043DBD1 /* Debug */ = {
			isa = XCBuildConfiguration;
			buildSettings = {
				ALWAYS_SEARCH_USER_PATHS = NO;
				CLANG_CXX_LANGUAGE_STANDARD = "gnu++0x";
				CLANG_CXX_LIBRARY = "libstdc++";
				CLANG_ENABLE_MODULES = YES;
				CLANG_ENABLE_OBJC_ARC = YES;
				CLANG_WARN_BOOL_CONVERSION = YES;
				CLANG_WARN_CONSTANT_CONVERSION = YES;
				CLANG_WARN_DIRECT_OBJC_ISA_USAGE = YES_ERROR;
				CLANG_WARN_EMPTY_BODY = YES;
				CLANG_WARN_ENUM_CONVERSION = YES;
				CLANG_WARN_INT_CONVERSION = YES;
				CLANG_WARN_OBJC_ROOT_CLASS = YES_ERROR;
				CLANG_WARN_UNREACHABLE_CODE = YES;
				CLANG_WARN__DUPLICATE_METHOD_MATCH = YES;
				"CODE_SIGN_IDENTITY[sdk=iphoneos*]" = "iPhone Developer";
				COPY_PHASE_STRIP = NO;
				DEBUG_INFORMATION_FORMAT = dwarf;
				ENABLE_STRICT_OBJC_MSGSEND = YES;
				ENABLE_TESTABILITY = YES;
				GCC_C_LANGUAGE_STANDARD = gnu99;
				GCC_DYNAMIC_NO_PIC = NO;
				GCC_NO_COMMON_BLOCKS = YES;
				GCC_OPTIMIZATION_LEVEL = 0;
				GCC_PREPROCESSOR_DEFINITIONS = (
					"DEBUG=1",
					"$(inherited)",
				);
				GCC_WARN_64_TO_32_BIT_CONVERSION = YES;
				GCC_WARN_ABOUT_RETURN_TYPE = YES_ERROR;
				GCC_WARN_UNDECLARED_SELECTOR = YES;
				GCC_WARN_UNINITIALIZED_AUTOS = YES_AGGRESSIVE;
				GCC_WARN_UNUSED_FUNCTION = YES;
				GCC_WARN_UNUSED_VARIABLE = YES;
				IPHONEOS_DEPLOYMENT_TARGET = 9.2;
				MTL_ENABLE_DEBUG_INFO = YES;
				ONLY_ACTIVE_ARCH = YES;
				SDKROOT = iphoneos;
				SWIFT_OPTIMIZATION_LEVEL = "-Onone";
			};
			name = Debug;
		};
		1D2B8B481C302BA10043DBD1 /* Release */ = {
			isa = XCBuildConfiguration;
			buildSettings = {
				ALWAYS_SEARCH_USER_PATHS = NO;
				CLANG_CXX_LANGUAGE_STANDARD = "gnu++0x";
				CLANG_CXX_LIBRARY = "libstdc++";
				CLANG_ENABLE_MODULES = YES;
				CLANG_ENABLE_OBJC_ARC = YES;
				CLANG_WARN_BOOL_CONVERSION = YES;
				CLANG_WARN_CONSTANT_CONVERSION = YES;
				CLANG_WARN_DIRECT_OBJC_ISA_USAGE = YES_ERROR;
				CLANG_WARN_EMPTY_BODY = YES;
				CLANG_WARN_ENUM_CONVERSION = YES;
				CLANG_WARN_INT_CONVERSION = YES;
				CLANG_WARN_OBJC_ROOT_CLASS = YES_ERROR;
				CLANG_WARN_UNREACHABLE_CODE = YES;
				CLANG_WARN__DUPLICATE_METHOD_MATCH = YES;
				"CODE_SIGN_IDENTITY[sdk=iphoneos*]" = "iPhone Developer";
				COPY_PHASE_STRIP = NO;
				DEBUG_INFORMATION_FORMAT = "dwarf-with-dsym";
				ENABLE_NS_ASSERTIONS = NO;
				ENABLE_STRICT_OBJC_MSGSEND = YES;
				GCC_C_LANGUAGE_STANDARD = gnu99;
				GCC_NO_COMMON_BLOCKS = YES;
				GCC_WARN_64_TO_32_BIT_CONVERSION = YES;
				GCC_WARN_ABOUT_RETURN_TYPE = YES_ERROR;
				GCC_WARN_UNDECLARED_SELECTOR = YES;
				GCC_WARN_UNINITIALIZED_AUTOS = YES_AGGRESSIVE;
				GCC_WARN_UNUSED_FUNCTION = YES;
				GCC_WARN_UNUSED_VARIABLE = YES;
				IPHONEOS_DEPLOYMENT_TARGET = 9.2;
				MTL_ENABLE_DEBUG_INFO = NO;
				SDKROOT = iphoneos;
				VALIDATE_PRODUCT = YES;
			};
			name = Release;
		};
		1D2B8B4A1C302BA10043DBD1 /* Debug */ = {
			isa = XCBuildConfiguration;
			baseConfigurationReference = 78CE55FB0FFC6F48BDC56A10 /* Pods.debug.xcconfig */;
			buildSettings = {
				ASSETCATALOG_COMPILER_APPICON_NAME = AppIcon;
				CLANG_CXX_LIBRARY = "libc++";
				EMBEDDED_CONTENT_CONTAINS_SWIFT = YES;
				ENABLE_BITCODE = YES;
				INFOPLIST_FILE = Test/Info.plist;
				LD_RUNPATH_SEARCH_PATHS = "$(inherited) @executable_path/Frameworks";
				PRODUCT_BUNDLE_IDENTIFIER = io.GitHub.BenEmdon.Test;
				PRODUCT_NAME = PocketMoney;
				TARGETED_DEVICE_FAMILY = 1;
			};
			name = Debug;
		};
		1D2B8B4B1C302BA10043DBD1 /* Release */ = {
			isa = XCBuildConfiguration;
			baseConfigurationReference = AE9294E7AA1A54E201ED8664 /* Pods.release.xcconfig */;
			buildSettings = {
				ASSETCATALOG_COMPILER_APPICON_NAME = AppIcon;
				CLANG_CXX_LIBRARY = "libc++";
				EMBEDDED_CONTENT_CONTAINS_SWIFT = YES;
				ENABLE_BITCODE = YES;
				INFOPLIST_FILE = Test/Info.plist;
				LD_RUNPATH_SEARCH_PATHS = "$(inherited) @executable_path/Frameworks";
				PRODUCT_BUNDLE_IDENTIFIER = io.GitHub.BenEmdon.Test;
				PRODUCT_NAME = PocketMoney;
				TARGETED_DEVICE_FAMILY = 1;
			};
			name = Release;
		};
		1D2B8B4D1C302BA10043DBD1 /* Debug */ = {
			isa = XCBuildConfiguration;
			buildSettings = {
				BUNDLE_LOADER = "$(TEST_HOST)";
				INFOPLIST_FILE = TestTests/Info.plist;
				LD_RUNPATH_SEARCH_PATHS = "$(inherited) @executable_path/Frameworks @loader_path/Frameworks";
				PRODUCT_BUNDLE_IDENTIFIER = io.GitHub.BenEmdon.TestTests;
				PRODUCT_NAME = PocketMoney;
				TEST_HOST = "$(BUILT_PRODUCTS_DIR)/PocketMoney.app/PocketMoney";
			};
			name = Debug;
		};
		1D2B8B4E1C302BA10043DBD1 /* Release */ = {
			isa = XCBuildConfiguration;
			buildSettings = {
				BUNDLE_LOADER = "$(TEST_HOST)";
				INFOPLIST_FILE = TestTests/Info.plist;
				LD_RUNPATH_SEARCH_PATHS = "$(inherited) @executable_path/Frameworks @loader_path/Frameworks";
				PRODUCT_BUNDLE_IDENTIFIER = io.GitHub.BenEmdon.TestTests;
				PRODUCT_NAME = PocketMoney;
				TEST_HOST = "$(BUILT_PRODUCTS_DIR)/PocketMoney.app/PocketMoney";
			};
			name = Release;
		};
		1D2B8B501C302BA10043DBD1 /* Debug */ = {
			isa = XCBuildConfiguration;
			buildSettings = {
				INFOPLIST_FILE = TestUITests/Info.plist;
				LD_RUNPATH_SEARCH_PATHS = "$(inherited) @executable_path/Frameworks @loader_path/Frameworks";
				PRODUCT_BUNDLE_IDENTIFIER = io.GitHub.BenEmdon.TestUITests;
				PRODUCT_NAME = PocketMoney;
				TEST_TARGET_NAME = Test;
				USES_XCTRUNNER = YES;
			};
			name = Debug;
		};
		1D2B8B511C302BA10043DBD1 /* Release */ = {
			isa = XCBuildConfiguration;
			buildSettings = {
				INFOPLIST_FILE = TestUITests/Info.plist;
				LD_RUNPATH_SEARCH_PATHS = "$(inherited) @executable_path/Frameworks @loader_path/Frameworks";
				PRODUCT_BUNDLE_IDENTIFIER = io.GitHub.BenEmdon.TestUITests;
				PRODUCT_NAME = PocketMoney;
				TEST_TARGET_NAME = Test;
				USES_XCTRUNNER = YES;
			};
			name = Release;
		};
/* End XCBuildConfiguration section */

/* Begin XCConfigurationList section */
		1D2B8B191C302BA10043DBD1 /* Build configuration list for PBXProject "PocketMoney" */ = {
			isa = XCConfigurationList;
			buildConfigurations = (
				1D2B8B471C302BA10043DBD1 /* Debug */,
				1D2B8B481C302BA10043DBD1 /* Release */,
			);
			defaultConfigurationIsVisible = 0;
			defaultConfigurationName = Release;
		};
		1D2B8B491C302BA10043DBD1 /* Build configuration list for PBXNativeTarget "PocketMoney" */ = {
			isa = XCConfigurationList;
			buildConfigurations = (
				1D2B8B4A1C302BA10043DBD1 /* Debug */,
				1D2B8B4B1C302BA10043DBD1 /* Release */,
			);
			defaultConfigurationIsVisible = 0;
			defaultConfigurationName = Release;
		};
		1D2B8B4C1C302BA10043DBD1 /* Build configuration list for PBXNativeTarget "PocketMoneyPocketMoneys" */ = {
			isa = XCConfigurationList;
			buildConfigurations = (
				1D2B8B4D1C302BA10043DBD1 /* Debug */,
				1D2B8B4E1C302BA10043DBD1 /* Release */,
			);
			defaultConfigurationIsVisible = 0;
			defaultConfigurationName = Release;
		};
		1D2B8B4F1C302BA10043DBD1 /* Build configuration list for PBXNativeTarget "PocketMoneyUIPocketMoneys" */ = {
			isa = XCConfigurationList;
			buildConfigurations = (
				1D2B8B501C302BA10043DBD1 /* Debug */,
				1D2B8B511C302BA10043DBD1 /* Release */,
			);
			defaultConfigurationIsVisible = 0;
			defaultConfigurationName = Release;
		};
/* End XCConfigurationList section */

/* Begin XCVersionGroup section */
		1D2B8B281C302BA10043DBD1 /* Test.xcdatamodeld */ = {
			isa = XCVersionGroup;
			children = (
				1D2B8B291C302BA10043DBD1 /* Test.xcdatamodel */,
			);
			currentVersion = 1D2B8B291C302BA10043DBD1 /* Test.xcdatamodel */;
			path = Test.xcdatamodeld;
			sourceTree = "<group>";
			versionGroupType = wrapper.xcdatamodel;
		};
/* End XCVersionGroup section */
	};
	rootObject = 1D2B8B161C302BA10043DBD1 /* Project object */;
}
